
Microsoft Visual Studio Solution File, Format Version 10.00
# Visual Studio 2008
Project("{F184B08F-C81C-45F6-A57F-5ABD9991F28F}") = "FileNameEditor", "FileNameEditor\FileNameEditor.vbproj", "{092761CB-2913-4671-B060-97B726DC7A8C}"
EndProject
Global
	GlobalSection(SolutionConfigurationPlatforms) = preSolution
		Debug|Any CPU = Debug|Any CPU
		Release|Any CPU = Release|Any CPU
	EndGlobalSection
	GlobalSection(ProjectConfigurationPlatforms) = postSolution
		{092761CB-2913-4671-B060-97B726DC7A8C}.Debug|Any CPU.ActiveCfg = Debug|Any CPU
		{092761CB-2913-4671-B060-97B726DC7A8C}.Debug|Any CPU.Build.0 = Debug|Any CPU
		{092761CB-2913-4671-B060-97B726DC7A8C}.Release|Any CPU.ActiveCfg = Release|Any CPU
		{092761CB-2913-4671-B060-97B726DC7A8C}.Release|Any CPU.Build.0 = Release|Any CPU
	EndGlobalSection
	GlobalSection(SolutionProperties) = preSolution
		HideSolutionNode = FALSE
	EndGlobalSection
EndGlobal
